
Microsoft Visual Studio Solution File, Format Version 12.00
# Visual Studio Version 17
VisualStudioVersion = 17.14.36623.8 d17.14
MinimumVisualStudioVersion = 10.0.40219.1
Project("{FAE04EC0-301F-11D3-BF4B-00C04F79EFBC}") = "demo", "demo\demo.csproj", "{DEA1E5D7-8492-4FF7-B9AA-FFD89318BE70}"
EndProject
Global
	GlobalSection(SolutionConfigurationPlatforms) = preSolution
		Debug|Any CPU = Debug|Any CPU
		Release|Any CPU = Release|Any CPU
	EndGlobalSection
	GlobalSection(ProjectConfigurationPlatforms) = postSolution
		{DEA1E5D7-8492-4FF7-B9AA-FFD89318BE70}.Debug|Any CPU.ActiveCfg = Debug|Any CPU
		{DEA1E5D7-8492-4FF7-B9AA-FFD89318BE70}.Debug|Any CPU.Build.0 = Debug|Any CPU
		{DEA1E5D7-8492-4FF7-B9AA-FFD89318BE70}.Release|Any CPU.ActiveCfg = Release|Any CPU
		{DEA1E5D7-8492-4FF7-B9AA-FFD89318BE70}.Release|Any CPU.Build.0 = Release|Any CPU
	EndGlobalSection
	GlobalSection(SolutionProperties) = preSolution
		HideSolutionNode = FALSE
	EndGlobalSection
	GlobalSection(ExtensibilityGlobals) = postSolution
		SolutionGuid = {1948F0DE-1AFA-43B6-A855-2F393B3616A8}
	EndGlobalSection
EndGlobal
